// !$*UTF8*$!
{
	archiveVersion = 1;
	classes = {
	};
	objectVersion = 110;
	objects = {

/* Begin PBXBuildFile section */
		AA000000000000000000003D /* KuralWidgets.appex in Embed Foundation Extensions */ = {isa = PBXBuildFile; fileRef = AA0000000000000000000030 /* KuralWidgets.appex */; settings = {ATTRIBUTES = (RemoveHeadersOnCopy, ); }; };
		AA000000000000000000004B /* KuralWatch.app in Embed Watch Content */ = {isa = PBXBuildFile; fileRef = AA0000000000000000000040 /* KuralWatch.app */; settings = {ATTRIBUTES = (RemoveHeadersOnCopy, ); }; };
		AA000000000000000000005C /* KuralWatchWidgets.appex in Embed Foundation Extensions */ = {isa = PBXBuildFile; fileRef = AA0000000000000000000050 /* KuralWatchWidgets.appex */; settings = {ATTRIBUTES = (RemoveHeadersOnCopy, ); }; };
/* End PBXBuildFile section */

/* Begin PBXContainerItemProxy section */
		AA000000000000000000002A /* PBXContainerItemProxy */ = {
			isa = PBXContainerItemProxy;
			containerPortal = AA000000000000000000000A /* Project object */;
			proxyType = 1;
			remoteGlobalIDString = AA0000000000000000000006;
			remoteInfo = PinePods;
		};
		AA000000000000000000003F /* PBXContainerItemProxy */ = {
			isa = PBXContainerItemProxy;
			containerPortal = AA000000000000000000000A /* Project object */;
			proxyType = 1;
			remoteGlobalIDString = AA0000000000000000000035;
			remoteInfo = KuralWidgets;
		};
		AA000000000000000000004D /* PBXContainerItemProxy */ = {
			isa = PBXContainerItemProxy;
			containerPortal = AA000000000000000000000A /* Project object */;
			proxyType = 1;
			remoteGlobalIDString = AA0000000000000000000045;
			remoteInfo = KuralWatch;
		};
		AA000000000000000000005E /* PBXContainerItemProxy */ = {
			isa = PBXContainerItemProxy;
			containerPortal = AA000000000000000000000A /* Project object */;
			proxyType = 1;
			remoteGlobalIDString = AA0000000000000000000055;
			remoteInfo = KuralWatchWidgets;
		};
/* End PBXContainerItemProxy section */

/* Begin PBXCopyFilesBuildPhase section */
		AA000000000000000000003C /* Embed Foundation Extensions */ = {
			isa = PBXCopyFilesBuildPhase;
			buildActionMask = 2147483647;
			dstPath = "";
			dstSubfolderSpec = 13;
			files = (
				AA000000000000000000003D /* KuralWidgets.appex in Embed Foundation Extensions */,
			);
			name = "Embed Foundation Extensions";
			runOnlyForDeploymentPostprocessing = 0;
		};
		AA000000000000000000004A /* Embed Watch Content */ = {
			isa = PBXCopyFilesBuildPhase;
			buildActionMask = 2147483647;
			dstPath = "$(CONTENTS_FOLDER_PATH)/Watch";
			dstSubfolderSpec = 16;
			files = (
				AA000000000000000000004B /* KuralWatch.app in Embed Watch Content */,
			);
			name = "Embed Watch Content";
			runOnlyForDeploymentPostprocessing = 0;
		};
		AA000000000000000000005B /* Embed Foundation Extensions */ = {
			isa = PBXCopyFilesBuildPhase;
			buildActionMask = 2147483647;
			dstPath = "";
			dstSubfolderSpec = 13;
			files = (
				AA000000000000000000005C /* KuralWatchWidgets.appex in Embed Foundation Extensions */,
			);
			name = "Embed Foundation Extensions";
			runOnlyForDeploymentPostprocessing = 0;
		};
/* End PBXCopyFilesBuildPhase section */

/* Begin PBXFileReference section */
		AA0000000000000000000001 /* PinePods.app */ = {isa = PBXFileReference; explicitFileType = wrapper.application; includeInIndex = 0; path = PinePods.app; sourceTree = BUILT_PRODUCTS_DIR; };
		AA0000000000000000000020 /* PinePodsTests.xctest */ = {isa = PBXFileReference; explicitFileType = wrapper.cfbundle; includeInIndex = 0; path = PinePodsTests.xctest; sourceTree = BUILT_PRODUCTS_DIR; };
		AA0000000000000000000030 /* KuralWidgets.appex */ = {isa = PBXFileReference; explicitFileType = "wrapper.app-extension"; includeInIndex = 0; path = KuralWidgets.appex; sourceTree = BUILT_PRODUCTS_DIR; };
		AA0000000000000000000040 /* KuralWatch.app */ = {isa = PBXFileReference; explicitFileType = wrapper.application; includeInIndex = 0; path = KuralWatch.app; sourceTree = BUILT_PRODUCTS_DIR; };
		AA0000000000000000000050 /* KuralWatchWidgets.appex */ = {isa = PBXFileReference; explicitFileType = "wrapper.app-extension"; includeInIndex = 0; path = KuralWatchWidgets.appex; sourceTree = BUILT_PRODUCTS_DIR; };
/* End PBXFileReference section */

/* Begin PBXFileSystemSynchronizedBuildFileExceptionSet section */
		AA0000000000000000000010 /* Exceptions for "PinePods" folder in "PinePods" target */ = {
			isa = PBXFileSystemSynchronizedBuildFileExceptionSet;
			membershipExceptions = (
				Info.plist,
			);
			target = AA0000000000000000000006 /* PinePods */;
		};
		AA000000000000000000003A /* Exceptions for "KuralWidgets" folder in "KuralWidgets" target */ = {
			isa = PBXFileSystemSynchronizedBuildFileExceptionSet;
			membershipExceptions = (
				Info.plist,
			);
			target = AA0000000000000000000035 /* KuralWidgets */;
		};
		AA0000000000000000000049 /* Exceptions for "Shared" folder in "KuralWatch" target */ = {
			isa = PBXFileSystemSynchronizedBuildFileExceptionSet;
			membershipExceptions = (
				PlaybackIntents.swift,
			);
			target = AA0000000000000000000045 /* KuralWatch */;
		};
		AA0000000000000000000059 /* Exceptions for "KuralWatchWidgets" folder in "KuralWatchWidgets" target */ = {
			isa = PBXFileSystemSynchronizedBuildFileExceptionSet;
			membershipExceptions = (
				Info.plist,
			);
			target = AA0000000000000000000055 /* KuralWatchWidgets */;
		};
		AA000000000000000000005A /* Exceptions for "Shared" folder in "KuralWatchWidgets" target */ = {
			isa = PBXFileSystemSynchronizedBuildFileExceptionSet;
			membershipExceptions = (
				PlaybackIntents.swift,
			);
			target = AA0000000000000000000055 /* KuralWatchWidgets */;
		};
/* End PBXFileSystemSynchronizedBuildFileExceptionSet section */

/* Begin PBXFileSystemSynchronizedRootGroup section */
		AA0000000000000000000002 /* PinePods */ = {
			isa = PBXFileSystemSynchronizedRootGroup;
			exceptions = (
				AA0000000000000000000010 /* Exceptions for "PinePods" folder in "PinePods" target */,
			);
			path = PinePods;
			sourceTree = "<group>";
		};
		AA0000000000000000000021 /* PinePodsTests */ = {
			isa = PBXFileSystemSynchronizedRootGroup;
			path = PinePodsTests;
			sourceTree = "<group>";
		};
		AA0000000000000000000031 /* KuralWidgets */ = {
			isa = PBXFileSystemSynchronizedRootGroup;
			exceptions = (
				AA000000000000000000003A /* Exceptions for "KuralWidgets" folder in "KuralWidgets" target */,
			);
			path = KuralWidgets;
			sourceTree = "<group>";
		};
		AA0000000000000000000032 /* Shared */ = {
			isa = PBXFileSystemSynchronizedRootGroup;
			exceptions = (
				AA0000000000000000000049 /* Exceptions for "Shared" folder in "KuralWatch" target */,
				AA000000000000000000005A /* Exceptions for "Shared" folder in "KuralWatchWidgets" target */,
			);
			path = Shared;
			sourceTree = "<group>";
		};
		AA000000000000000000003B /* Entitlements */ = {
			isa = PBXFileSystemSynchronizedRootGroup;
			path = Entitlements;
			sourceTree = "<group>";
		};
		AA0000000000000000000041 /* KuralWatch */ = {
			isa = PBXFileSystemSynchronizedRootGroup;
			path = KuralWatch;
			sourceTree = "<group>";
		};
		AA0000000000000000000051 /* KuralWatchWidgets */ = {
			isa = PBXFileSystemSynchronizedRootGroup;
			exceptions = (
				AA0000000000000000000059 /* Exceptions for "KuralWatchWidgets" folder in "KuralWatchWidgets" target */,
			);
			path = KuralWatchWidgets;
			sourceTree = "<group>";
		};
/* End PBXFileSystemSynchronizedRootGroup section */

/* Begin PBXFrameworksBuildPhase section */
		AA0000000000000000000003 /* Frameworks */ = {
			isa = PBXFrameworksBuildPhase;
			files = (
			);
		};
		AA0000000000000000000022 /* Frameworks */ = {
			isa = PBXFrameworksBuildPhase;
			files = (
			);
		};
		AA0000000000000000000034 /* Frameworks */ = {
			isa = PBXFrameworksBuildPhase;
			files = (
			);
		};
		AA0000000000000000000043 /* Frameworks */ = {
			isa = PBXFrameworksBuildPhase;
			files = (
			);
		};
		AA0000000000000000000053 /* Frameworks */ = {
			isa = PBXFrameworksBuildPhase;
			files = (
			);
		};
/* End PBXFrameworksBuildPhase section */

/* Begin PBXGroup section */
		AA0000000000000000000004 = {
			isa = PBXGroup;
			children = (
				AA0000000000000000000002 /* PinePods */,
				AA0000000000000000000021 /* PinePodsTests */,
				AA0000000000000000000031 /* KuralWidgets */,
				AA0000000000000000000041 /* KuralWatch */,
				AA0000000000000000000051 /* KuralWatchWidgets */,
				AA0000000000000000000032 /* Shared */,
				AA000000000000000000003B /* Entitlements */,
				AA0000000000000000000005 /* Products */,
			);
			sourceTree = "<group>";
		};
		AA0000000000000000000005 /* Products */ = {
			isa = PBXGroup;
			children = (
				AA0000000000000000000001 /* PinePods.app */,
				AA0000000000000000000020 /* PinePodsTests.xctest */,
				AA0000000000000000000030 /* KuralWidgets.appex */,
				AA0000000000000000000040 /* KuralWatch.app */,
				AA0000000000000000000050 /* KuralWatchWidgets.appex */,
			);
			name = Products;
			sourceTree = "<group>";
		};
/* End PBXGroup section */

/* Begin PBXNativeTarget section */
		AA0000000000000000000006 /* PinePods */ = {
			isa = PBXNativeTarget;
			buildConfigurationList = AA0000000000000000000007 /* Build configuration list for PBXNativeTarget "PinePods" */;
			buildPhases = (
				AA0000000000000000000008 /* Sources */,
				AA0000000000000000000003 /* Frameworks */,
				AA0000000000000000000009 /* Resources */,
				AA000000000000000000003C /* Embed Foundation Extensions */,
				AA000000000000000000004A /* Embed Watch Content */,
			);
			buildRules = (
			);
			dependencies = (
				AA000000000000000000003E /* PBXTargetDependency */,
				AA000000000000000000004C /* PBXTargetDependency */,
			);
			fileSystemSynchronizedGroups = (
				AA0000000000000000000002 /* PinePods */,
				AA0000000000000000000032 /* Shared */,
			);
			name = PinePods;
			productName = PinePods;
			productReference = AA0000000000000000000001 /* PinePods.app */;
			productType = "com.apple.product-type.application";
		};
		AA0000000000000000000025 /* PinePodsTests */ = {
			isa = PBXNativeTarget;
			buildConfigurationList = AA0000000000000000000027 /* Build configuration list for PBXNativeTarget "PinePodsTests" */;
			buildPhases = (
				AA0000000000000000000023 /* Sources */,
				AA0000000000000000000022 /* Frameworks */,
				AA0000000000000000000024 /* Resources */,
			);
			buildRules = (
			);
			dependencies = (
				AA0000000000000000000026 /* PBXTargetDependency */,
			);
			fileSystemSynchronizedGroups = (
				AA0000000000000000000021 /* PinePodsTests */,
			);
			name = PinePodsTests;
			productName = PinePodsTests;
			productReference = AA0000000000000000000020 /* PinePodsTests.xctest */;
			productType = "com.apple.product-type.bundle.unit-test";
		};
		AA0000000000000000000035 /* KuralWidgets */ = {
			isa = PBXNativeTarget;
			buildConfigurationList = AA0000000000000000000037 /* Build configuration list for PBXNativeTarget "KuralWidgets" */;
			buildPhases = (
				AA0000000000000000000033 /* Sources */,
				AA0000000000000000000034 /* Frameworks */,
				AA0000000000000000000036 /* Resources */,
			);
			buildRules = (
			);
			dependencies = (
			);
			fileSystemSynchronizedGroups = (
				AA0000000000000000000031 /* KuralWidgets */,
				AA0000000000000000000032 /* Shared */,
			);
			name = KuralWidgets;
			productName = KuralWidgets;
			productReference = AA0000000000000000000030 /* KuralWidgets.appex */;
			productType = "com.apple.product-type.app-extension";
		};
		AA0000000000000000000045 /* KuralWatch */ = {
			isa = PBXNativeTarget;
			buildConfigurationList = AA0000000000000000000046 /* Build configuration list for PBXNativeTarget "KuralWatch" */;
			buildPhases = (
				AA0000000000000000000042 /* Sources */,
				AA0000000000000000000043 /* Frameworks */,
				AA0000000000000000000044 /* Resources */,
				AA000000000000000000005B /* Embed Foundation Extensions */,
			);
			buildRules = (
			);
			dependencies = (
				AA000000000000000000005D /* PBXTargetDependency */,
			);
			fileSystemSynchronizedGroups = (
				AA0000000000000000000041 /* KuralWatch */,
				AA0000000000000000000032 /* Shared */,
			);
			name = KuralWatch;
			productName = KuralWatch;
			productReference = AA0000000000000000000040 /* KuralWatch.app */;
			productType = "com.apple.product-type.application";
		};
		AA0000000000000000000055 /* KuralWatchWidgets */ = {
			isa = PBXNativeTarget;
			buildConfigurationList = AA0000000000000000000056 /* Build configuration list for PBXNativeTarget "KuralWatchWidgets" */;
			buildPhases = (
				AA0000000000000000000052 /* Sources */,
				AA0000000000000000000053 /* Frameworks */,
				AA0000000000000000000054 /* Resources */,
			);
			buildRules = (
			);
			dependencies = (
			);
			fileSystemSynchronizedGroups = (
				AA0000000000000000000051 /* KuralWatchWidgets */,
				AA0000000000000000000032 /* Shared */,
			);
			name = KuralWatchWidgets;
			productName = KuralWatchWidgets;
			productReference = AA0000000000000000000050 /* KuralWatchWidgets.appex */;
			productType = "com.apple.product-type.app-extension";
		};
/* End PBXNativeTarget section */

/* Begin PBXProject section */
		AA000000000000000000000A /* Project object */ = {
			isa = PBXProject;
			attributes = {
				BuildIndependentTargetsInParallel = 1;
				LastSwiftUpdateCheck = 2600;
				LastUpgradeCheck = 2700;
				TargetAttributes = {
					AA0000000000000000000006 = {
						CreatedOnToolsVersion = 26.0;
					};
					AA0000000000000000000025 = {
						CreatedOnToolsVersion = 27.0;
						TestTargetID = AA0000000000000000000006;
					};
					AA0000000000000000000035 = {
						CreatedOnToolsVersion = 27.0;
					};
					AA0000000000000000000045 = {
						CreatedOnToolsVersion = 27.0;
					};
					AA0000000000000000000055 = {
						CreatedOnToolsVersion = 27.0;
					};
				};
			};
			buildConfigurationList = AA000000000000000000000B /* Build configuration list for PBXProject "PinePods" */;
			developmentRegion = en;
			hasScannedForEncodings = 0;
			knownRegions = (
				en,
				Base,
			);
			mainGroup = AA0000000000000000000004;
			minimizedProjectReferenceProxies = 1;
			preferredProjectObjectVersion = 110;
			productRefGroup = AA0000000000000000000005 /* Products */;
			projectDirPath = "";
			projectRoot = "";
			targets = (
				AA0000000000000000000006 /* PinePods */,
				AA0000000000000000000025 /* PinePodsTests */,
				AA0000000000000000000035 /* KuralWidgets */,
				AA0000000000000000000045 /* KuralWatch */,
				AA0000000000000000000055 /* KuralWatchWidgets */,
			);
		};
/* End PBXProject section */

/* Begin PBXResourcesBuildPhase section */
		AA0000000000000000000009 /* Resources */ = {
			isa = PBXResourcesBuildPhase;
			files = (
			);
		};
		AA0000000000000000000024 /* Resources */ = {
			isa = PBXResourcesBuildPhase;
			files = (
			);
		};
		AA0000000000000000000036 /* Resources */ = {
			isa = PBXResourcesBuildPhase;
			files = (
			);
		};
		AA0000000000000000000044 /* Resources */ = {
			isa = PBXResourcesBuildPhase;
			files = (
			);
		};
		AA0000000000000000000054 /* Resources */ = {
			isa = PBXResourcesBuildPhase;
			files = (
			);
		};
/* End PBXResourcesBuildPhase section */

/* Begin PBXSourcesBuildPhase section */
		AA0000000000000000000008 /* Sources */ = {
			isa = PBXSourcesBuildPhase;
			files = (
			);
		};
		AA0000000000000000000023 /* Sources */ = {
			isa = PBXSourcesBuildPhase;
			files = (
			);
		};
		AA0000000000000000000033 /* Sources */ = {
			isa = PBXSourcesBuildPhase;
			files = (
			);
		};
		AA0000000000000000000042 /* Sources */ = {
			isa = PBXSourcesBuildPhase;
			files = (
			);
		};
		AA0000000000000000000052 /* Sources */ = {
			isa = PBXSourcesBuildPhase;
			files = (
			);
		};
/* End PBXSourcesBuildPhase section */

/* Begin PBXTargetDependency section */
		AA0000000000000000000026 /* PBXTargetDependency */ = {
			isa = PBXTargetDependency;
			target = AA0000000000000000000006 /* PinePods */;
			targetProxy = AA000000000000000000002A /* PBXContainerItemProxy */;
		};
		AA000000000000000000003E /* PBXTargetDependency */ = {
			isa = PBXTargetDependency;
			target = AA0000000000000000000035 /* KuralWidgets */;
			targetProxy = AA000000000000000000003F /* PBXContainerItemProxy */;
		};
		AA000000000000000000004C /* PBXTargetDependency */ = {
			isa = PBXTargetDependency;
			target = AA0000000000000000000045 /* KuralWatch */;
			targetProxy = AA000000000000000000004D /* PBXContainerItemProxy */;
		};
		AA000000000000000000005D /* PBXTargetDependency */ = {
			isa = PBXTargetDependency;
			target = AA0000000000000000000055 /* KuralWatchWidgets */;
			targetProxy = AA000000000000000000005E /* PBXContainerItemProxy */;
		};
/* End PBXTargetDependency section */

/* Begin XCBuildConfiguration section */
		AA000000000000000000000C /* Debug configuration for PBXProject "PinePods" */ = {
			isa = XCBuildConfiguration;
			buildSettings = {
				ALWAYS_SEARCH_USER_PATHS = NO;
				ASSETCATALOG_COMPILER_GENERATE_SWIFT_ASSET_SYMBOL_EXTENSIONS = YES;
				CLANG_ANALYZER_NONNULL = YES;
				CLANG_ANALYZER_NUMBER_OBJECT_CONVERSION = YES_AGGRESSIVE;
				CLANG_CXX_LANGUAGE_STANDARD = "gnu++20";
				CLANG_ENABLE_MODULES = YES;
				CLANG_ENABLE_OBJC_ARC = YES;
				CLANG_ENABLE_OBJC_WEAK = YES;
				CLANG_WARN_BLOCK_CAPTURE_AUTORELEASING = YES;
				CLANG_WARN_BOOL_CONVERSION = YES;
				CLANG_WARN_COMMA = YES;
				CLANG_WARN_CONSTANT_CONVERSION = YES;
				CLANG_WARN_DEPRECATED_OBJC_IMPLEMENTATIONS = YES;
				CLANG_WARN_DIRECT_OBJC_ISA_USAGE = YES_ERROR;
				CLANG_WARN_DOCUMENTATION_COMMENTS = YES;
				CLANG_WARN_EMPTY_BODY = YES;
				CLANG_WARN_ENUM_CONVERSION = YES;
				CLANG_WARN_INFINITE_RECURSION = YES;
				CLANG_WARN_INT_CONVERSION = YES;
				CLANG_WARN_NON_LITERAL_NULL_CONVERSION = YES;
				CLANG_WARN_OBJC_IMPLICIT_RETAIN_SELF = YES;
				CLANG_WARN_OBJC_LITERAL_CONVERSION = YES;
				CLANG_WARN_OBJC_ROOT_CLASS = YES_ERROR;
				CLANG_WARN_QUOTED_INCLUDE_IN_FRAMEWORK_HEADER = YES;
				CLANG_WARN_RANGE_LOOP_ANALYSIS = YES;
				CLANG_WARN_STRICT_PROTOTYPES = YES;
				CLANG_WARN_SUSPICIOUS_MOVE = YES;
				CLANG_WARN_UNGUARDED_AVAILABILITY = YES_AGGRESSIVE;
				CLANG_WARN_UNREACHABLE_CODE = YES;
				CLANG_WARN__DUPLICATE_METHOD_MATCH = YES;
				COPY_PHASE_STRIP = NO;
				DEBUG_INFORMATION_FORMAT = dwarf;
				DEVELOPMENT_TEAM = 2NDDPG5773;
				ENABLE_STRICT_OBJC_MSGSEND = YES;
				ENABLE_TESTABILITY = YES;
				ENABLE_USER_SCRIPT_SANDBOXING = YES;
				GCC_C_LANGUAGE_STANDARD = gnu17;
				GCC_DYNAMIC_NO_PIC = NO;
				GCC_NO_COMMON_BLOCKS = YES;
				GCC_OPTIMIZATION_LEVEL = 0;
				GCC_PREPROCESSOR_DEFINITIONS = (
					"DEBUG=1",
					"$(inherited)",
				);
				GCC_WARN_64_TO_32_BIT_CONVERSION = YES;
				GCC_WARN_ABOUT_RETURN_TYPE = YES_ERROR;
				GCC_WARN_UNDECLARED_SELECTOR = YES;
				GCC_WARN_UNINITIALIZED_AUTOS = YES_AGGRESSIVE;
				GCC_WARN_UNUSED_FUNCTION = YES;
				GCC_WARN_UNUSED_VARIABLE = YES;
				IPHONEOS_DEPLOYMENT_TARGET = 27.0;
				LOCALIZATION_PREFERS_STRING_CATALOGS = YES;
				MTL_ENABLE_DEBUG_INFO = INCLUDE_SOURCE;
				MTL_FAST_MATH = YES;
				ONLY_ACTIVE_ARCH = YES;
				SDKROOT = iphoneos;
				STRING_CATALOG_GENERATE_SYMBOLS = YES;
				SWIFT_ACTIVE_COMPILATION_CONDITIONS = "DEBUG $(inherited)";
				SWIFT_OPTIMIZATION_LEVEL = "-Onone";
			};
			name = Debug;
		};
		AA000000000000000000000D /* Release configuration for PBXProject "PinePods" */ = {
			isa = XCBuildConfiguration;
			buildSettings = {
				ALWAYS_SEARCH_USER_PATHS = NO;
				ASSETCATALOG_COMPILER_GENERATE_SWIFT_ASSET_SYMBOL_EXTENSIONS = YES;
				CLANG_ANALYZER_NONNULL = YES;
				CLANG_ANALYZER_NUMBER_OBJECT_CONVERSION = YES_AGGRESSIVE;
				CLANG_CXX_LANGUAGE_STANDARD = "gnu++20";
				CLANG_ENABLE_MODULES = YES;
				CLANG_ENABLE_OBJC_ARC = YES;
				CLANG_ENABLE_OBJC_WEAK = YES;
				CLANG_WARN_BLOCK_CAPTURE_AUTORELEASING = YES;
				CLANG_WARN_BOOL_CONVERSION = YES;
				CLANG_WARN_COMMA = YES;
				CLANG_WARN_CONSTANT_CONVERSION = YES;
				CLANG_WARN_DEPRECATED_OBJC_IMPLEMENTATIONS = YES;
				CLANG_WARN_DIRECT_OBJC_ISA_USAGE = YES_ERROR;
				CLANG_WARN_DOCUMENTATION_COMMENTS = YES;
				CLANG_WARN_EMPTY_BODY = YES;
				CLANG_WARN_ENUM_CONVERSION = YES;
				CLANG_WARN_INFINITE_RECURSION = YES;
				CLANG_WARN_INT_CONVERSION = YES;
				CLANG_WARN_NON_LITERAL_NULL_CONVERSION = YES;
				CLANG_WARN_OBJC_IMPLICIT_RETAIN_SELF = YES;
				CLANG_WARN_OBJC_LITERAL_CONVERSION = YES;
				CLANG_WARN_OBJC_ROOT_CLASS = YES_ERROR;
				CLANG_WARN_QUOTED_INCLUDE_IN_FRAMEWORK_HEADER = YES;
				CLANG_WARN_RANGE_LOOP_ANALYSIS = YES;
				CLANG_WARN_STRICT_PROTOTYPES = YES;
				CLANG_WARN_SUSPICIOUS_MOVE = YES;
				CLANG_WARN_UNGUARDED_AVAILABILITY = YES_AGGRESSIVE;
				CLANG_WARN_UNREACHABLE_CODE = YES;
				CLANG_WARN__DUPLICATE_METHOD_MATCH = YES;
				COPY_PHASE_STRIP = NO;
				DEBUG_INFORMATION_FORMAT = "dwarf-with-dsym";
				DEVELOPMENT_TEAM = 2NDDPG5773;
				ENABLE_NS_ASSERTIONS = NO;
				ENABLE_STRICT_OBJC_MSGSEND = YES;
				ENABLE_USER_SCRIPT_SANDBOXING = YES;
				GCC_C_LANGUAGE_STANDARD = gnu17;
				GCC_NO_COMMON_BLOCKS = YES;
				GCC_WARN_64_TO_32_BIT_CONVERSION = YES;
				GCC_WARN_ABOUT_RETURN_TYPE = YES_ERROR;
				GCC_WARN_UNDECLARED_SELECTOR = YES;
				GCC_WARN_UNINITIALIZED_AUTOS = YES_AGGRESSIVE;
				GCC_WARN_UNUSED_FUNCTION = YES;
				GCC_WARN_UNUSED_VARIABLE = YES;
				IPHONEOS_DEPLOYMENT_TARGET = 27.0;
				LOCALIZATION_PREFERS_STRING_CATALOGS = YES;
				MTL_ENABLE_DEBUG_INFO = NO;
				MTL_FAST_MATH = YES;
				SDKROOT = iphoneos;
				STRING_CATALOG_GENERATE_SYMBOLS = YES;
				SWIFT_COMPILATION_MODE = wholemodule;
				VALIDATE_PRODUCT = YES;
			};
			name = Release;
		};
		AA000000000000000000000E /* Debug configuration for PBXNativeTarget "PinePods" */ = {
			isa = XCBuildConfiguration;
			buildSettings = {
				ASSETCATALOG_COMPILER_APPICON_NAME = AppIcon;
				ASSETCATALOG_COMPILER_INCLUDE_ALL_APPICON_ASSETS = YES;
				CODE_SIGN_ENTITLEMENTS = Entitlements/Kural.entitlements;
				SWIFT_ACTIVE_COMPILATION_CONDITIONS = "$(inherited) KURAL_APP";
				ASSETCATALOG_COMPILER_GLOBAL_ACCENT_COLOR_NAME = AccentColor;
				CODE_SIGN_STYLE = Automatic;
				CURRENT_PROJECT_VERSION = 1;
				ENABLE_PREVIEWS = YES;
				GENERATE_INFOPLIST_FILE = NO;
				INFOPLIST_FILE = PinePods/Info.plist;
				INFOPLIST_KEY_LSApplicationCategoryType = "public.app-category.music";
				IPHONEOS_DEPLOYMENT_TARGET = 27.0;
				LD_RUNPATH_SEARCH_PATHS = (
					"$(inherited)",
					"@executable_path/Frameworks",
				);
				MARKETING_VERSION = 1.0;
				PRODUCT_BUNDLE_IDENTIFIER = me.4vr.kural;
				PRODUCT_NAME = "$(TARGET_NAME)";
				SUPPORTED_PLATFORMS = "iphoneos iphonesimulator";
				SUPPORTS_MACCATALYST = NO;
				SUPPORTS_MAC_DESIGNED_FOR_IPHONE_IPAD = NO;
				SUPPORTS_XR_DESIGNED_FOR_IPHONE_IPAD = NO;
				SWIFT_EMIT_LOC_STRINGS = YES;
				SWIFT_VERSION = 6.0;
				TARGETED_DEVICE_FAMILY = 1;
			};
			name = Debug;
		};
		AA000000000000000000000F /* Release configuration for PBXNativeTarget "PinePods" */ = {
			isa = XCBuildConfiguration;
			buildSettings = {
				ASSETCATALOG_COMPILER_APPICON_NAME = AppIcon;
				ASSETCATALOG_COMPILER_INCLUDE_ALL_APPICON_ASSETS = YES;
				CODE_SIGN_ENTITLEMENTS = Entitlements/Kural.entitlements;
				SWIFT_ACTIVE_COMPILATION_CONDITIONS = "$(inherited) KURAL_APP";
				ASSETCATALOG_COMPILER_GLOBAL_ACCENT_COLOR_NAME = AccentColor;
				CODE_SIGN_STYLE = Automatic;
				CURRENT_PROJECT_VERSION = 1;
				ENABLE_PREVIEWS = YES;
				GENERATE_INFOPLIST_FILE = NO;
				INFOPLIST_FILE = PinePods/Info.plist;
				INFOPLIST_KEY_LSApplicationCategoryType = "public.app-category.music";
				IPHONEOS_DEPLOYMENT_TARGET = 27.0;
				LD_RUNPATH_SEARCH_PATHS = (
					"$(inherited)",
					"@executable_path/Frameworks",
				);
				MARKETING_VERSION = 1.0;
				PRODUCT_BUNDLE_IDENTIFIER = me.4vr.kural;
				PRODUCT_NAME = "$(TARGET_NAME)";
				SUPPORTED_PLATFORMS = "iphoneos iphonesimulator";
				SUPPORTS_MACCATALYST = NO;
				SUPPORTS_MAC_DESIGNED_FOR_IPHONE_IPAD = NO;
				SUPPORTS_XR_DESIGNED_FOR_IPHONE_IPAD = NO;
				SWIFT_EMIT_LOC_STRINGS = YES;
				SWIFT_VERSION = 6.0;
				TARGETED_DEVICE_FAMILY = 1;
			};
			name = Release;
		};
		AA0000000000000000000028 /* Debug configuration for PBXNativeTarget "PinePodsTests" */ = {
			isa = XCBuildConfiguration;
			buildSettings = {
				BUNDLE_LOADER = "$(TEST_HOST)";
				CODE_SIGN_STYLE = Automatic;
				CURRENT_PROJECT_VERSION = 1;
				DEVELOPMENT_TEAM = 2NDDPG5773;
				GENERATE_INFOPLIST_FILE = YES;
				IPHONEOS_DEPLOYMENT_TARGET = 27.0;
				MARKETING_VERSION = 1.0;
				PRODUCT_BUNDLE_IDENTIFIER = me.4vr.kural.tests;
				PRODUCT_NAME = "$(TARGET_NAME)";
				SWIFT_EMIT_LOC_STRINGS = NO;
				SWIFT_VERSION = 6.0;
				TARGETED_DEVICE_FAMILY = 1;
				TEST_HOST = "$(BUILT_PRODUCTS_DIR)/PinePods.app/$(BUNDLE_EXECUTABLE_FOLDER_PATH)/PinePods";
			};
			name = Debug;
		};
		AA0000000000000000000029 /* Release configuration for PBXNativeTarget "PinePodsTests" */ = {
			isa = XCBuildConfiguration;
			buildSettings = {
				BUNDLE_LOADER = "$(TEST_HOST)";
				CODE_SIGN_STYLE = Automatic;
				CURRENT_PROJECT_VERSION = 1;
				DEVELOPMENT_TEAM = 2NDDPG5773;
				GENERATE_INFOPLIST_FILE = YES;
				IPHONEOS_DEPLOYMENT_TARGET = 27.0;
				MARKETING_VERSION = 1.0;
				PRODUCT_BUNDLE_IDENTIFIER = me.4vr.kural.tests;
				PRODUCT_NAME = "$(TARGET_NAME)";
				SWIFT_EMIT_LOC_STRINGS = NO;
				SWIFT_VERSION = 6.0;
				TARGETED_DEVICE_FAMILY = 1;
				TEST_HOST = "$(BUILT_PRODUCTS_DIR)/PinePods.app/$(BUNDLE_EXECUTABLE_FOLDER_PATH)/PinePods";
			};
			name = Release;
		};
		AA0000000000000000000038 /* Debug configuration for PBXNativeTarget "KuralWidgets" */ = {
			isa = XCBuildConfiguration;
			buildSettings = {
				CODE_SIGN_ENTITLEMENTS = Entitlements/KuralWidgets.entitlements;
				CODE_SIGN_STYLE = Automatic;
				CURRENT_PROJECT_VERSION = 1;
				DEVELOPMENT_TEAM = 2NDDPG5773;
				GENERATE_INFOPLIST_FILE = YES;
				INFOPLIST_FILE = KuralWidgets/Info.plist;
				INFOPLIST_KEY_CFBundleDisplayName = Kural;
				IPHONEOS_DEPLOYMENT_TARGET = 27.0;
				LD_RUNPATH_SEARCH_PATHS = (
					"$(inherited)",
					"@executable_path/Frameworks",
					"@executable_path/../../Frameworks",
				);
				MARKETING_VERSION = 1.0;
				PRODUCT_BUNDLE_IDENTIFIER = me.4vr.kural.widgets;
				PRODUCT_NAME = "$(TARGET_NAME)";
				SKIP_INSTALL = YES;
				SWIFT_EMIT_LOC_STRINGS = YES;
				SWIFT_VERSION = 6.0;
				TARGETED_DEVICE_FAMILY = 1;
			};
			name = Debug;
		};
		AA0000000000000000000039 /* Release configuration for PBXNativeTarget "KuralWidgets" */ = {
			isa = XCBuildConfiguration;
			buildSettings = {
				CODE_SIGN_ENTITLEMENTS = Entitlements/KuralWidgets.entitlements;
				CODE_SIGN_STYLE = Automatic;
				CURRENT_PROJECT_VERSION = 1;
				DEVELOPMENT_TEAM = 2NDDPG5773;
				GENERATE_INFOPLIST_FILE = YES;
				INFOPLIST_FILE = KuralWidgets/Info.plist;
				INFOPLIST_KEY_CFBundleDisplayName = Kural;
				IPHONEOS_DEPLOYMENT_TARGET = 27.0;
				LD_RUNPATH_SEARCH_PATHS = (
					"$(inherited)",
					"@executable_path/Frameworks",
					"@executable_path/../../Frameworks",
				);
				MARKETING_VERSION = 1.0;
				PRODUCT_BUNDLE_IDENTIFIER = me.4vr.kural.widgets;
				PRODUCT_NAME = "$(TARGET_NAME)";
				SKIP_INSTALL = YES;
				SWIFT_EMIT_LOC_STRINGS = YES;
				SWIFT_VERSION = 6.0;
				TARGETED_DEVICE_FAMILY = 1;
			};
			name = Release;
		};
		AA0000000000000000000047 /* Debug configuration for PBXNativeTarget "KuralWatch" */ = {
			isa = XCBuildConfiguration;
			buildSettings = {
				CODE_SIGN_STYLE = Automatic;
				CURRENT_PROJECT_VERSION = 1;
				DEVELOPMENT_TEAM = 2NDDPG5773;
				GENERATE_INFOPLIST_FILE = YES;
				INFOPLIST_KEY_CFBundleDisplayName = Kural;
				MARKETING_VERSION = 1.0;
				PRODUCT_NAME = "$(TARGET_NAME)";
				SDKROOT = watchos;
				SKIP_INSTALL = YES;
				SWIFT_EMIT_LOC_STRINGS = YES;
				SWIFT_VERSION = 6.0;
				TARGETED_DEVICE_FAMILY = 4;
				WATCHOS_DEPLOYMENT_TARGET = 27.0;
				ASSETCATALOG_COMPILER_APPICON_NAME = AppIcon;
				CODE_SIGN_ENTITLEMENTS = Entitlements/KuralWatch.entitlements;
				INFOPLIST_KEY_WKApplication = YES;
				INFOPLIST_KEY_WKCompanionAppBundleIdentifier = me.4vr.kural;
				INFOPLIST_KEY_WKRunsIndependentlyOfCompanionApp = NO;
				LD_RUNPATH_SEARCH_PATHS = (
					"$(inherited)",
					"@executable_path/Frameworks",
				);
				PRODUCT_BUNDLE_IDENTIFIER = me.4vr.kural.watchkitapp;
			};
			name = Debug;
		};
		AA0000000000000000000048 /* Release configuration for PBXNativeTarget "KuralWatch" */ = {
			isa = XCBuildConfiguration;
			buildSettings = {
				CODE_SIGN_STYLE = Automatic;
				CURRENT_PROJECT_VERSION = 1;
				DEVELOPMENT_TEAM = 2NDDPG5773;
				GENERATE_INFOPLIST_FILE = YES;
				INFOPLIST_KEY_CFBundleDisplayName = Kural;
				MARKETING_VERSION = 1.0;
				PRODUCT_NAME = "$(TARGET_NAME)";
				SDKROOT = watchos;
				SKIP_INSTALL = YES;
				SWIFT_EMIT_LOC_STRINGS = YES;
				SWIFT_VERSION = 6.0;
				TARGETED_DEVICE_FAMILY = 4;
				WATCHOS_DEPLOYMENT_TARGET = 27.0;
				ASSETCATALOG_COMPILER_APPICON_NAME = AppIcon;
				CODE_SIGN_ENTITLEMENTS = Entitlements/KuralWatch.entitlements;
				INFOPLIST_KEY_WKApplication = YES;
				INFOPLIST_KEY_WKCompanionAppBundleIdentifier = me.4vr.kural;
				INFOPLIST_KEY_WKRunsIndependentlyOfCompanionApp = NO;
				LD_RUNPATH_SEARCH_PATHS = (
					"$(inherited)",
					"@executable_path/Frameworks",
				);
				PRODUCT_BUNDLE_IDENTIFIER = me.4vr.kural.watchkitapp;
			};
			name = Release;
		};
		AA0000000000000000000057 /* Debug configuration for PBXNativeTarget "KuralWatchWidgets" */ = {
			isa = XCBuildConfiguration;
			buildSettings = {
				CODE_SIGN_STYLE = Automatic;
				CURRENT_PROJECT_VERSION = 1;
				DEVELOPMENT_TEAM = 2NDDPG5773;
				GENERATE_INFOPLIST_FILE = YES;
				INFOPLIST_KEY_CFBundleDisplayName = Kural;
				MARKETING_VERSION = 1.0;
				PRODUCT_NAME = "$(TARGET_NAME)";
				SDKROOT = watchos;
				SKIP_INSTALL = YES;
				SWIFT_EMIT_LOC_STRINGS = YES;
				SWIFT_VERSION = 6.0;
				TARGETED_DEVICE_FAMILY = 4;
				WATCHOS_DEPLOYMENT_TARGET = 27.0;
				CODE_SIGN_ENTITLEMENTS = Entitlements/KuralWatchWidgets.entitlements;
				INFOPLIST_FILE = KuralWatchWidgets/Info.plist;
				LD_RUNPATH_SEARCH_PATHS = (
					"$(inherited)",
					"@executable_path/Frameworks",
					"@executable_path/../../Frameworks",
				);
				PRODUCT_BUNDLE_IDENTIFIER = me.4vr.kural.watchkitapp.widgets;
			};
			name = Debug;
		};
		AA0000000000000000000058 /* Release configuration for PBXNativeTarget "KuralWatchWidgets" */ = {
			isa = XCBuildConfiguration;
			buildSettings = {
				CODE_SIGN_STYLE = Automatic;
				CURRENT_PROJECT_VERSION = 1;
				DEVELOPMENT_TEAM = 2NDDPG5773;
				GENERATE_INFOPLIST_FILE = YES;
				INFOPLIST_KEY_CFBundleDisplayName = Kural;
				MARKETING_VERSION = 1.0;
				PRODUCT_NAME = "$(TARGET_NAME)";
				SDKROOT = watchos;
				SKIP_INSTALL = YES;
				SWIFT_EMIT_LOC_STRINGS = YES;
				SWIFT_VERSION = 6.0;
				TARGETED_DEVICE_FAMILY = 4;
				WATCHOS_DEPLOYMENT_TARGET = 27.0;
				CODE_SIGN_ENTITLEMENTS = Entitlements/KuralWatchWidgets.entitlements;
				INFOPLIST_FILE = KuralWatchWidgets/Info.plist;
				LD_RUNPATH_SEARCH_PATHS = (
					"$(inherited)",
					"@executable_path/Frameworks",
					"@executable_path/../../Frameworks",
				);
				PRODUCT_BUNDLE_IDENTIFIER = me.4vr.kural.watchkitapp.widgets;
			};
			name = Release;
		};
/* End XCBuildConfiguration section */

/* Begin XCConfigurationList section */
		AA0000000000000000000007 /* Build configuration list for PBXNativeTarget "PinePods" */ = {
			isa = XCConfigurationList;
			buildConfigurations = (
				AA000000000000000000000E /* Debug configuration for PBXNativeTarget "PinePods" */,
				AA000000000000000000000F /* Release configuration for PBXNativeTarget "PinePods" */,
			);
			defaultConfigurationName = Release;
		};
		AA000000000000000000000B /* Build configuration list for PBXProject "PinePods" */ = {
			isa = XCConfigurationList;
			buildConfigurations = (
				AA000000000000000000000C /* Debug configuration for PBXProject "PinePods" */,
				AA000000000000000000000D /* Release configuration for PBXProject "PinePods" */,
			);
			defaultConfigurationName = Release;
		};
		AA0000000000000000000027 /* Build configuration list for PBXNativeTarget "PinePodsTests" */ = {
			isa = XCConfigurationList;
			buildConfigurations = (
				AA0000000000000000000028 /* Debug configuration for PBXNativeTarget "PinePodsTests" */,
				AA0000000000000000000029 /* Release configuration for PBXNativeTarget "PinePodsTests" */,
			);
			defaultConfigurationIsVisible = 0;
			defaultConfigurationName = Release;
		};
		AA0000000000000000000037 /* Build configuration list for PBXNativeTarget "KuralWidgets" */ = {
			isa = XCConfigurationList;
			buildConfigurations = (
				AA0000000000000000000038 /* Debug configuration for PBXNativeTarget "KuralWidgets" */,
				AA0000000000000000000039 /* Release configuration for PBXNativeTarget "KuralWidgets" */,
			);
			defaultConfigurationIsVisible = 0;
			defaultConfigurationName = Release;
		};
		AA0000000000000000000046 /* Build configuration list for PBXNativeTarget "KuralWatch" */ = {
			isa = XCConfigurationList;
			buildConfigurations = (
				AA0000000000000000000047 /* Debug configuration for PBXNativeTarget "KuralWatch" */,
				AA0000000000000000000048 /* Release configuration for PBXNativeTarget "KuralWatch" */,
			);
			defaultConfigurationIsVisible = 0;
			defaultConfigurationName = Release;
		};
		AA0000000000000000000056 /* Build configuration list for PBXNativeTarget "KuralWatchWidgets" */ = {
			isa = XCConfigurationList;
			buildConfigurations = (
				AA0000000000000000000057 /* Debug configuration for PBXNativeTarget "KuralWatchWidgets" */,
				AA0000000000000000000058 /* Release configuration for PBXNativeTarget "KuralWatchWidgets" */,
			);
			defaultConfigurationIsVisible = 0;
			defaultConfigurationName = Release;
		};
/* End XCConfigurationList section */
	};
	rootObject = AA000000000000000000000A /* Project object */;
}
